version = 1
revision = 1
requires-python = ">=3.11"

[[package]]
name = "humanand"
version = "0.1.0"
source = { virtual = "." }
dependencies = [
    { name = "pyrefly" },
]

[package.metadata]
requires-dist = [{ name = "pyrefly", specifier = ">=0.53.0" }]

[[package]]
name = "pyrefly"
version = "0.53.0"
source = { registry = "https://pypi.org/simple" }
sdist = { url = "https://files.pythonhosted.org/packages/3a/73/262196c4ea5afec6389366a4b3d49f67655c6396efa1a4053cca37be7c8d/pyrefly-0.53.0.tar.gz", hash = "sha256:aef117e8abb9aa4cf17fc64fbf450d825d3c65fc9de3c02ed20129ebdd57aa74", size = 5040338 }
wheels = [
    { url = "https://files.pythonhosted.org/packages/e5/9b/3af46ac06dcfd7b27f15e991d2d4f0082519e6906b1f304f511e4db3ad5f/pyrefly-0.53.0-py3-none-macosx_10_12_x86_64.whl", hash = "sha256:79d7fb35dff0988b3943c26f74cc752fad54357a0bc33f7db665f02d1c9a5bcc", size = 12041081 },
    { url = "https://files.pythonhosted.org/packages/79/4f/23422479153f8f88d1699461bf8f22e32320bb0fc1272774ea8a17463302/pyrefly-0.53.0-py3-none-macosx_11_0_arm64.whl", hash = "sha256:e1d98b1e86f3c38db44860695b7986e731238e1b19c3cad7a3050476a8f6f84d", size = 11604301 },
    { url = "https://files.pythonhosted.org/packages/d8/9a/f4cc6b81a464c31c3112b46abbd44ccd569f01c71a0abf39eeccf6ace914/pyrefly-0.53.0-py3-none-manylinux_2_17_aarch64.manylinux2014_aarch64.whl", hash = "sha256:cb9f2440f7e0c70aa18400f44aed994c326a1ab00f2b01cf7253a63fc62d7c6b", size = 32674148 },
    { url = "https://files.pythonhosted.org/packages/4c/cc/fa98606a628380b7ae4623dbc30843e8fed6b7a631c89503bdf123e47453/pyrefly-0.53.0-py3-none-manylinux_2_17_i686.manylinux2014_i686.whl", hash = "sha256:e4e826a5ff2aba2c41e02e6094580751c512db7916e60728cd8612dbcf178d7b", size = 35099098 },
    { url = "https://files.pythonhosted.org/packages/71/d2/ab4105ee90495314a8ad6be4d6736c9f20e4b0ceb49cf015ddc84c394c25/pyrefly-0.53.0-py3-none-manylinux_2_17_x86_64.manylinux2014_x86_64.whl", hash = "sha256:bf4c69410c7a96b417a390a0e3d340f4370fdab02f9d3eaa222c4bd42e3ce24a", size = 37777824 },
    { url = "https://files.pythonhosted.org/packages/38/99/0779b7202d801cdf67f08159cf7dd318d23114661143689a767d9b8a98f1/pyrefly-0.53.0-py3-none-win32.whl", hash = "sha256:00687bb6be6e366b8c0137a89625da40ced3b9212a65e561857ff888fe88e6e8", size = 11111961 },
    { url = "https://files.pythonhosted.org/packages/bd/71/dc7e59f0acb81dcf3f56e7ad30e740a08527403cb1d657caca9d44fef803/pyrefly-0.53.0-py3-none-win_amd64.whl", hash = "sha256:e0512e6f7af44ae01cfddba096ff7740e15cbd1d0497a3d34a7afcb504e2b300", size = 11888648 },
    { url = "https://files.pythonhosted.org/packages/5d/72/2a7c00a439c6593430289a4581426efe0bee73f6e5a443f501969e104300/pyrefly-0.53.0-py3-none-win_arm64.whl", hash = "sha256:5066e2102769683749102421b8b8667cae26abe1827617f04e8df4317e0a94af", size = 11368150 },
]
